dependencies:
- name: postgres
  repository: https://ra-beer.github.io/helm-charts
  version: 0.4.0
- name: rabbitmq
  repository: oci://registry-1.docker.io/bitnamicharts
  version: 15.5.3
- name: rabbitmq
  repository: oci://registry-1.docker.io/bitnamicharts
  version: 15.5.3
digest: sha256:66d8ac98247215a2315206fc2afe4c51d9e6726ea0fdbdf9b52be653d392d4c3
generated: "2026-06-13T17:01:45.809814+02:00"
